
Microsoft Visual Studio Solution File, Format Version 12.00
# Visual Studio Version 17
VisualStudioVersion = 17.9.34622.214
MinimumVisualStudioVersion = 10.0.40219.1
Project("{9A19103F-16F7-4668-BE54-9A1E7A4F7556}") = "Problemplecakowy", "Problemplecakowy\Problemplecakowy.csproj", "{6BAF061A-7027-45B5-88E9-078139184453}"
EndProject
Project("{9A19103F-16F7-4668-BE54-9A1E7A4F7556}") = "TestProblemplecakowy", "TestProblemplecakowy\TestProblemplecakowy.csproj", "{8D31ECD3-CCA5-4E40-869A-AC9AB396BB4F}"
EndProject
Project("{FAE04EC0-301F-11D3-BF4B-00C04F79EFBC}") = "GUI", "GUI\GUI.csproj", "{1101EBCC-C3E4-4744-8AFC-436F4B2F3561}"
EndProject
Global
	GlobalSection(SolutionConfigurationPlatforms) = preSolution
		Debug|Any CPU = Debug|Any CPU
		Release|Any CPU = Release|Any CPU
	EndGlobalSection
	GlobalSection(ProjectConfigurationPlatforms) = postSolution
		{6BAF061A-7027-45B5-88E9-078139184453}.Debug|Any CPU.ActiveCfg = Debug|Any CPU
		{6BAF061A-7027-45B5-88E9-078139184453}.Debug|Any CPU.Build.0 = Debug|Any CPU
		{6BAF061A-7027-45B5-88E9-078139184453}.Release|Any CPU.ActiveCfg = Release|Any CPU
		{6BAF061A-7027-45B5-88E9-078139184453}.Release|Any CPU.Build.0 = Release|Any CPU
		{8D31ECD3-CCA5-4E40-869A-AC9AB396BB4F}.Debug|Any CPU.ActiveCfg = Debug|Any CPU
		{8D31ECD3-CCA5-4E40-869A-AC9AB396BB4F}.Debug|Any CPU.Build.0 = Debug|Any CPU
		{8D31ECD3-CCA5-4E40-869A-AC9AB396BB4F}.Release|Any CPU.ActiveCfg = Release|Any CPU
		{8D31ECD3-CCA5-4E40-869A-AC9AB396BB4F}.Release|Any CPU.Build.0 = Release|Any CPU
		{1101EBCC-C3E4-4744-8AFC-436F4B2F3561}.Debug|Any CPU.ActiveCfg = Debug|Any CPU
		{1101EBCC-C3E4-4744-8AFC-436F4B2F3561}.Debug|Any CPU.Build.0 = Debug|Any CPU
		{1101EBCC-C3E4-4744-8AFC-436F4B2F3561}.Release|Any CPU.ActiveCfg = Release|Any CPU
		{1101EBCC-C3E4-4744-8AFC-436F4B2F3561}.Release|Any CPU.Build.0 = Release|Any CPU
	EndGlobalSection
	GlobalSection(SolutionProperties) = preSolution
		HideSolutionNode = FALSE
	EndGlobalSection
	GlobalSection(ExtensibilityGlobals) = postSolution
		SolutionGuid = {75FB04F0-4455-4AB2-A86D-535C42EC44D2}
	EndGlobalSection
EndGlobal
